
Microsoft Visual Studio Solution File, Format Version 12.00
# Visual Studio Version 17
VisualStudioVersion = 17.11.35303.130
MinimumVisualStudioVersion = 10.0.40219.1
Project("{9A19103F-16F7-4668-BE54-9A1E7A4F7556}") = "Garage 3", "Garage 3\Garage 3.csproj", "{17EB720B-41B0-49D6-BE03-D5449CB25C93}"
EndProject
Global
	GlobalSection(SolutionConfigurationPlatforms) = preSolution
		Debug|Any CPU = Debug|Any CPU
		Release|Any CPU = Release|Any CPU
	EndGlobalSection
	GlobalSection(ProjectConfigurationPlatforms) = postSolution
		{17EB720B-41B0-49D6-BE03-D5449CB25C93}.Debug|Any CPU.ActiveCfg = Debug|Any CPU
		{17EB720B-41B0-49D6-BE03-D5449CB25C93}.Debug|Any CPU.Build.0 = Debug|Any CPU
		{17EB720B-41B0-49D6-BE03-D5449CB25C93}.Release|Any CPU.ActiveCfg = Release|Any CPU
		{17EB720B-41B0-49D6-BE03-D5449CB25C93}.Release|Any CPU.Build.0 = Release|Any CPU
	EndGlobalSection
	GlobalSection(SolutionProperties) = preSolution
		HideSolutionNode = FALSE
	EndGlobalSection
	GlobalSection(ExtensibilityGlobals) = postSolution
		SolutionGuid = {A0261F10-2DF5-4519-AB65-29EB1A802BE3}
	EndGlobalSection
EndGlobal
